
Microsoft Visual Studio Solution File, Format Version 12.00
# Visual Studio Version 17
VisualStudioVersion = 17.0.31903.59
MinimumVisualStudioVersion = 10.0.40219.1
Project("{2150E333-8FDC-42A3-9474-1A3956D46DE8}") = "src", "src", "{827E0CD3-B72D-47B6-A68D-7590B98EB39B}"
EndProject
Project("{FAE04EC0-301F-11D3-BF4B-00C04F79EFBC}") = "Catnip.Shared", "src\Catnip.Shared\Catnip.Shared.csproj", "{974A23E1-364F-4DE7-958C-B428B9A3F6E2}"
EndProject
Project("{FAE04EC0-301F-11D3-BF4B-00C04F79EFBC}") = "Catnip.Core", "src\Catnip.Core\Catnip.Core.csproj", "{392EAB44-AC52-4B87-85B2-DB171B4A24FB}"
EndProject
Project("{FAE04EC0-301F-11D3-BF4B-00C04F79EFBC}") = "Catnip.Application", "src\Catnip.Application\Catnip.Application.csproj", "{3FCC1FB9-888C-45A1-8934-A5DB42BC3AF8}"
EndProject
Project("{FAE04EC0-301F-11D3-BF4B-00C04F79EFBC}") = "Catnip.Connectors", "src\Catnip.Connectors\Catnip.Connectors.csproj", "{742B933A-27E3-4C2F-9338-CBCD2380D7FA}"
EndProject
Project("{FAE04EC0-301F-11D3-BF4B-00C04F79EFBC}") = "Catnip.Infrastructure", "src\Catnip.Infrastructure\Catnip.Infrastructure.csproj", "{6C278A73-7840-4AE9-B28D-82EDAF2E2AA9}"
EndProject
Project("{FAE04EC0-301F-11D3-BF4B-00C04F79EFBC}") = "Catnip.Ipc", "src\Catnip.Ipc\Catnip.Ipc.csproj", "{9B73D2DE-BFF1-49CC-A08D-9F907CD6F6AF}"
EndProject
Project("{FAE04EC0-301F-11D3-BF4B-00C04F79EFBC}") = "Catnip.Runtime", "src\Catnip.Runtime\Catnip.Runtime.csproj", "{B8B1A535-8D2F-42B8-979E-0AF1A3968640}"
EndProject
Project("{FAE04EC0-301F-11D3-BF4B-00C04F79EFBC}") = "Catnip.DemoApi", "src\Catnip.DemoApi\Catnip.DemoApi.csproj", "{9E4DC9EF-B46D-47DA-B903-6AA0EFB1F08F}"
EndProject
Project("{FAE04EC0-301F-11D3-BF4B-00C04F79EFBC}") = "Catnip.WorkBuddyBridge", "src\Catnip.WorkBuddyBridge\Catnip.WorkBuddyBridge.csproj", "{0E4A13CB-3E66-4B35-B9FE-F5B10B97D024}"
EndProject
Project("{FAE04EC0-301F-11D3-BF4B-00C04F79EFBC}") = "Catnip.Desktop", "src\Catnip.Desktop\Catnip.Desktop.csproj", "{33D8D52E-0C77-45E9-B4B4-4A0943126BA6}"
EndProject
Project("{2150E333-8FDC-42A3-9474-1A3956D46DE8}") = "tests", "tests", "{0AB3BF05-4346-4AA6-1389-037BE0695223}"
EndProject
Project("{FAE04EC0-301F-11D3-BF4B-00C04F79EFBC}") = "Catnip.Shared.Tests", "tests\Catnip.Shared.Tests\Catnip.Shared.Tests.csproj", "{2BBE4C83-91E9-4C02-91D7-99ADFE569275}"
EndProject
Project("{FAE04EC0-301F-11D3-BF4B-00C04F79EFBC}") = "Catnip.Core.Tests", "tests\Catnip.Core.Tests\Catnip.Core.Tests.csproj", "{B1A31D04-3D6D-49CB-8F5E-9CFCAA61FC82}"
EndProject
Project("{FAE04EC0-301F-11D3-BF4B-00C04F79EFBC}") = "Catnip.Application.Tests", "tests\Catnip.Application.Tests\Catnip.Application.Tests.csproj", "{12BEA815-B626-4D14-91E9-49AABFF2165C}"
EndProject
Project("{FAE04EC0-301F-11D3-BF4B-00C04F79EFBC}") = "Catnip.Ipc.Tests", "tests\Catnip.Ipc.Tests\Catnip.Ipc.Tests.csproj", "{36DA175B-A801-4F67-80F2-A99A2005805A}"
EndProject
Project("{FAE04EC0-301F-11D3-BF4B-00C04F79EFBC}") = "Catnip.Runtime.IntegrationTests", "tests\Catnip.Runtime.IntegrationTests\Catnip.Runtime.IntegrationTests.csproj", "{5D8D348F-915B-4166-BFE4-20D05FC882C3}"
EndProject
Project("{FAE04EC0-301F-11D3-BF4B-00C04F79EFBC}") = "Catnip.Desktop.Tests", "tests\Catnip.Desktop.Tests\Catnip.Desktop.Tests.csproj", "{7971BF85-3DD7-4502-878C-84002401C021}"
EndProject
Project("{FAE04EC0-301F-11D3-BF4B-00C04F79EFBC}") = "Catnip.Infrastructure.Tests", "tests\Catnip.Infrastructure.Tests\Catnip.Infrastructure.Tests.csproj", "{E1D622E3-F35D-4C16-81D3-1B53DCC7B340}"
EndProject
Project("{FAE04EC0-301F-11D3-BF4B-00C04F79EFBC}") = "Catnip.DemoApi.Tests", "tests\Catnip.DemoApi.Tests\Catnip.DemoApi.Tests.csproj", "{9036D1C4-06B6-4A25-A6C1-924CA1245E7F}"
EndProject
Project("{FAE04EC0-301F-11D3-BF4B-00C04F79EFBC}") = "Catnip.Desktop.Mac", "src\Catnip.Desktop.Mac\Catnip.Desktop.Mac.csproj", "{7263FC53-2A2E-4B04-A6BB-89BB70A0B816}"
EndProject
Project("{FAE04EC0-301F-11D3-BF4B-00C04F79EFBC}") = "Catnip.Desktop.Mac.Tests", "tests\Catnip.Desktop.Mac.Tests\Catnip.Desktop.Mac.Tests.csproj", "{C54FDBFC-4C61-4755-AF0F-14B4E1F2252D}"
EndProject
Global
	GlobalSection(SolutionConfigurationPlatforms) = preSolution
		Debug|Any CPU = Debug|Any CPU
		Debug|x64 = Debug|x64
		Debug|x86 = Debug|x86
		Release|Any CPU = Release|Any CPU
		Release|x64 = Release|x64
		Release|x86 = Release|x86
	EndGlobalSection
	GlobalSection(ProjectConfigurationPlatforms) = postSolution
		{974A23E1-364F-4DE7-958C-B428B9A3F6E2}.Debug|Any CPU.ActiveCfg = Debug|Any CPU
		{974A23E1-364F-4DE7-958C-B428B9A3F6E2}.Debug|Any CPU.Build.0 = Debug|Any CPU
		{974A23E1-364F-4DE7-958C-B428B9A3F6E2}.Debug|x64.ActiveCfg = Debug|Any CPU
		{974A23E1-364F-4DE7-958C-B428B9A3F6E2}.Debug|x64.Build.0 = Debug|Any CPU
		{974A23E1-364F-4DE7-958C-B428B9A3F6E2}.Debug|x86.ActiveCfg = Debug|Any CPU
		{974A23E1-364F-4DE7-958C-B428B9A3F6E2}.Debug|x86.Build.0 = Debug|Any CPU
		{974A23E1-364F-4DE7-958C-B428B9A3F6E2}.Release|Any CPU.ActiveCfg = Release|Any CPU
		{974A23E1-364F-4DE7-958C-B428B9A3F6E2}.Release|Any CPU.Build.0 = Release|Any CPU
		{974A23E1-364F-4DE7-958C-B428B9A3F6E2}.Release|x64.ActiveCfg = Release|Any CPU
		{974A23E1-364F-4DE7-958C-B428B9A3F6E2}.Release|x64.Build.0 = Release|Any CPU
		{974A23E1-364F-4DE7-958C-B428B9A3F6E2}.Release|x86.ActiveCfg = Release|Any CPU
		{974A23E1-364F-4DE7-958C-B428B9A3F6E2}.Release|x86.Build.0 = Release|Any CPU
		{392EAB44-AC52-4B87-85B2-DB171B4A24FB}.Debug|Any CPU.ActiveCfg = Debug|Any CPU
		{392EAB44-AC52-4B87-85B2-DB171B4A24FB}.Debug|Any CPU.Build.0 = Debug|Any CPU
		{392EAB44-AC52-4B87-85B2-DB171B4A24FB}.Debug|x64.ActiveCfg = Debug|Any CPU
		{392EAB44-AC52-4B87-85B2-DB171B4A24FB}.Debug|x64.Build.0 = Debug|Any CPU
		{392EAB44-AC52-4B87-85B2-DB171B4A24FB}.Debug|x86.ActiveCfg = Debug|Any CPU
		{392EAB44-AC52-4B87-85B2-DB171B4A24FB}.Debug|x86.Build.0 = Debug|Any CPU
		{392EAB44-AC52-4B87-85B2-DB171B4A24FB}.Release|Any CPU.ActiveCfg = Release|Any CPU
		{392EAB44-AC52-4B87-85B2-DB171B4A24FB}.Release|Any CPU.Build.0 = Release|Any CPU
		{392EAB44-AC52-4B87-85B2-DB171B4A24FB}.Release|x64.ActiveCfg = Release|Any CPU
		{392EAB44-AC52-4B87-85B2-DB171B4A24FB}.Release|x64.Build.0 = Release|Any CPU
		{392EAB44-AC52-4B87-85B2-DB171B4A24FB}.Release|x86.ActiveCfg = Release|Any CPU
		{392EAB44-AC52-4B87-85B2-DB171B4A24FB}.Release|x86.Build.0 = Release|Any CPU
		{3FCC1FB9-888C-45A1-8934-A5DB42BC3AF8}.Debug|Any CPU.ActiveCfg = Debug|Any CPU
		{3FCC1FB9-888C-45A1-8934-A5DB42BC3AF8}.Debug|Any CPU.Build.0 = Debug|Any CPU
		{3FCC1FB9-888C-45A1-8934-A5DB42BC3AF8}.Debug|x64.ActiveCfg = Debug|Any CPU
		{3FCC1FB9-888C-45A1-8934-A5DB42BC3AF8}.Debug|x64.Build.0 = Debug|Any CPU
		{3FCC1FB9-888C-45A1-8934-A5DB42BC3AF8}.Debug|x86.ActiveCfg = Debug|Any CPU
		{3FCC1FB9-888C-45A1-8934-A5DB42BC3AF8}.Debug|x86.Build.0 = Debug|Any CPU
		{3FCC1FB9-888C-45A1-8934-A5DB42BC3AF8}.Release|Any CPU.ActiveCfg = Release|Any CPU
		{3FCC1FB9-888C-45A1-8934-A5DB42BC3AF8}.Release|Any CPU.Build.0 = Release|Any CPU
		{3FCC1FB9-888C-45A1-8934-A5DB42BC3AF8}.Release|x64.ActiveCfg = Release|Any CPU
		{3FCC1FB9-888C-45A1-8934-A5DB42BC3AF8}.Release|x64.Build.0 = Release|Any CPU
		{3FCC1FB9-888C-45A1-8934-A5DB42BC3AF8}.Release|x86.ActiveCfg = Release|Any CPU
		{3FCC1FB9-888C-45A1-8934-A5DB42BC3AF8}.Release|x86.Build.0 = Release|Any CPU
		{742B933A-27E3-4C2F-9338-CBCD2380D7FA}.Debug|Any CPU.ActiveCfg = Debug|Any CPU
		{742B933A-27E3-4C2F-9338-CBCD2380D7FA}.Debug|Any CPU.Build.0 = Debug|Any CPU
		{742B933A-27E3-4C2F-9338-CBCD2380D7FA}.Debug|x64.ActiveCfg = Debug|Any CPU
		{742B933A-27E3-4C2F-9338-CBCD2380D7FA}.Debug|x64.Build.0 = Debug|Any CPU
		{742B933A-27E3-4C2F-9338-CBCD2380D7FA}.Debug|x86.ActiveCfg = Debug|Any CPU
		{742B933A-27E3-4C2F-9338-CBCD2380D7FA}.Debug|x86.Build.0 = Debug|Any CPU
		{742B933A-27E3-4C2F-9338-CBCD2380D7FA}.Release|Any CPU.ActiveCfg = Release|Any CPU
		{742B933A-27E3-4C2F-9338-CBCD2380D7FA}.Release|Any CPU.Build.0 = Release|Any CPU
		{742B933A-27E3-4C2F-9338-CBCD2380D7FA}.Release|x64.ActiveCfg = Release|Any CPU
		{742B933A-27E3-4C2F-9338-CBCD2380D7FA}.Release|x64.Build.0 = Release|Any CPU
		{742B933A-27E3-4C2F-9338-CBCD2380D7FA}.Release|x86.ActiveCfg = Release|Any CPU
		{742B933A-27E3-4C2F-9338-CBCD2380D7FA}.Release|x86.Build.0 = Release|Any CPU
		{6C278A73-7840-4AE9-B28D-82EDAF2E2AA9}.Debug|Any CPU.ActiveCfg = Debug|Any CPU
		{6C278A73-7840-4AE9-B28D-82EDAF2E2AA9}.Debug|Any CPU.Build.0 = Debug|Any CPU
		{6C278A73-7840-4AE9-B28D-82EDAF2E2AA9}.Debug|x64.ActiveCfg = Debug|Any CPU
		{6C278A73-7840-4AE9-B28D-82EDAF2E2AA9}.Debug|x64.Build.0 = Debug|Any CPU
		{6C278A73-7840-4AE9-B28D-82EDAF2E2AA9}.Debug|x86.ActiveCfg = Debug|Any CPU
		{6C278A73-7840-4AE9-B28D-82EDAF2E2AA9}.Debug|x86.Build.0 = Debug|Any CPU
		{6C278A73-7840-4AE9-B28D-82EDAF2E2AA9}.Release|Any CPU.ActiveCfg = Release|Any CPU
		{6C278A73-7840-4AE9-B28D-82EDAF2E2AA9}.Release|Any CPU.Build.0 = Release|Any CPU
		{6C278A73-7840-4AE9-B28D-82EDAF2E2AA9}.Release|x64.ActiveCfg = Release|Any CPU
		{6C278A73-7840-4AE9-B28D-82EDAF2E2AA9}.Release|x64.Build.0 = Release|Any CPU
		{6C278A73-7840-4AE9-B28D-82EDAF2E2AA9}.Release|x86.ActiveCfg = Release|Any CPU
		{6C278A73-7840-4AE9-B28D-82EDAF2E2AA9}.Release|x86.Build.0 = Release|Any CPU
		{9B73D2DE-BFF1-49CC-A08D-9F907CD6F6AF}.Debug|Any CPU.ActiveCfg = Debug|Any CPU
		{9B73D2DE-BFF1-49CC-A08D-9F907CD6F6AF}.Debug|Any CPU.Build.0 = Debug|Any CPU
		{9B73D2DE-BFF1-49CC-A08D-9F907CD6F6AF}.Debug|x64.ActiveCfg = Debug|Any CPU
		{9B73D2DE-BFF1-49CC-A08D-9F907CD6F6AF}.Debug|x64.Build.0 = Debug|Any CPU
		{9B73D2DE-BFF1-49CC-A08D-9F907CD6F6AF}.Debug|x86.ActiveCfg = Debug|Any CPU
		{9B73D2DE-BFF1-49CC-A08D-9F907CD6F6AF}.Debug|x86.Build.0 = Debug|Any CPU
		{9B73D2DE-BFF1-49CC-A08D-9F907CD6F6AF}.Release|Any CPU.ActiveCfg = Release|Any CPU
		{9B73D2DE-BFF1-49CC-A08D-9F907CD6F6AF}.Release|Any CPU.Build.0 = Release|Any CPU
		{9B73D2DE-BFF1-49CC-A08D-9F907CD6F6AF}.Release|x64.ActiveCfg = Release|Any CPU
		{9B73D2DE-BFF1-49CC-A08D-9F907CD6F6AF}.Release|x64.Build.0 = Release|Any CPU
		{9B73D2DE-BFF1-49CC-A08D-9F907CD6F6AF}.Release|x86.ActiveCfg = Release|Any CPU
		{9B73D2DE-BFF1-49CC-A08D-9F907CD6F6AF}.Release|x86.Build.0 = Release|Any CPU
		{B8B1A535-8D2F-42B8-979E-0AF1A3968640}.Debug|Any CPU.ActiveCfg = Debug|Any CPU
		{B8B1A535-8D2F-42B8-979E-0AF1A3968640}.Debug|Any CPU.Build.0 = Debug|Any CPU
		{B8B1A535-8D2F-42B8-979E-0AF1A3968640}.Debug|x64.ActiveCfg = Debug|Any CPU
		{B8B1A535-8D2F-42B8-979E-0AF1A3968640}.Debug|x64.Build.0 = Debug|Any CPU
		{B8B1A535-8D2F-42B8-979E-0AF1A3968640}.Debug|x86.ActiveCfg = Debug|Any CPU
		{B8B1A535-8D2F-42B8-979E-0AF1A3968640}.Debug|x86.Build.0 = Debug|Any CPU
		{B8B1A535-8D2F-42B8-979E-0AF1A3968640}.Release|Any CPU.ActiveCfg = Release|Any CPU
		{B8B1A535-8D2F-42B8-979E-0AF1A3968640}.Release|Any CPU.Build.0 = Release|Any CPU
		{B8B1A535-8D2F-42B8-979E-0AF1A3968640}.Release|x64.ActiveCfg = Release|Any CPU
		{B8B1A535-8D2F-42B8-979E-0AF1A3968640}.Release|x64.Build.0 = Release|Any CPU
		{B8B1A535-8D2F-42B8-979E-0AF1A3968640}.Release|x86.ActiveCfg = Release|Any CPU
		{B8B1A535-8D2F-42B8-979E-0AF1A3968640}.Release|x86.Build.0 = Release|Any CPU
		{9E4DC9EF-B46D-47DA-B903-6AA0EFB1F08F}.Debug|Any CPU.ActiveCfg = Debug|Any CPU
		{9E4DC9EF-B46D-47DA-B903-6AA0EFB1F08F}.Debug|Any CPU.Build.0 = Debug|Any CPU
		{9E4DC9EF-B46D-47DA-B903-6AA0EFB1F08F}.Debug|x64.ActiveCfg = Debug|Any CPU
		{9E4DC9EF-B46D-47DA-B903-6AA0EFB1F08F}.Debug|x64.Build.0 = Debug|Any CPU
		{9E4DC9EF-B46D-47DA-B903-6AA0EFB1F08F}.Debug|x86.ActiveCfg = Debug|Any CPU
		{9E4DC9EF-B46D-47DA-B903-6AA0EFB1F08F}.Debug|x86.Build.0 = Debug|Any CPU
		{9E4DC9EF-B46D-47DA-B903-6AA0EFB1F08F}.Release|Any CPU.ActiveCfg = Release|Any CPU
		{9E4DC9EF-B46D-47DA-B903-6AA0EFB1F08F}.Release|Any CPU.Build.0 = Release|Any CPU
		{9E4DC9EF-B46D-47DA-B903-6AA0EFB1F08F}.Release|x64.ActiveCfg = Release|Any CPU
		{9E4DC9EF-B46D-47DA-B903-6AA0EFB1F08F}.Release|x64.Build.0 = Release|Any CPU
		{9E4DC9EF-B46D-47DA-B903-6AA0EFB1F08F}.Release|x86.ActiveCfg = Release|Any CPU
		{9E4DC9EF-B46D-47DA-B903-6AA0EFB1F08F}.Release|x86.Build.0 = Release|Any CPU
		{33D8D52E-0C77-45E9-B4B4-4A0943126BA6}.Debug|Any CPU.ActiveCfg = Debug|Any CPU
		{33D8D52E-0C77-45E9-B4B4-4A0943126BA6}.Debug|Any CPU.Build.0 = Debug|Any CPU
		{33D8D52E-0C77-45E9-B4B4-4A0943126BA6}.Debug|x64.ActiveCfg = Debug|Any CPU
		{33D8D52E-0C77-45E9-B4B4-4A0943126BA6}.Debug|x64.Build.0 = Debug|Any CPU
		{33D8D52E-0C77-45E9-B4B4-4A0943126BA6}.Debug|x86.ActiveCfg = Debug|Any CPU
		{33D8D52E-0C77-45E9-B4B4-4A0943126BA6}.Debug|x86.Build.0 = Debug|Any CPU
		{33D8D52E-0C77-45E9-B4B4-4A0943126BA6}.Release|Any CPU.ActiveCfg = Release|Any CPU
		{33D8D52E-0C77-45E9-B4B4-4A0943126BA6}.Release|Any CPU.Build.0 = Release|Any CPU
		{33D8D52E-0C77-45E9-B4B4-4A0943126BA6}.Release|x64.ActiveCfg = Release|Any CPU
		{33D8D52E-0C77-45E9-B4B4-4A0943126BA6}.Release|x64.Build.0 = Release|Any CPU
		{33D8D52E-0C77-45E9-B4B4-4A0943126BA6}.Release|x86.ActiveCfg = Release|Any CPU
		{33D8D52E-0C77-45E9-B4B4-4A0943126BA6}.Release|x86.Build.0 = Release|Any CPU
		{2BBE4C83-91E9-4C02-91D7-99ADFE569275}.Debug|Any CPU.ActiveCfg = Debug|Any CPU
		{2BBE4C83-91E9-4C02-91D7-99ADFE569275}.Debug|Any CPU.Build.0 = Debug|Any CPU
		{2BBE4C83-91E9-4C02-91D7-99ADFE569275}.Debug|x64.ActiveCfg = Debug|Any CPU
		{2BBE4C83-91E9-4C02-91D7-99ADFE569275}.Debug|x64.Build.0 = Debug|Any CPU
		{2BBE4C83-91E9-4C02-91D7-99ADFE569275}.Debug|x86.ActiveCfg = Debug|Any CPU
		{2BBE4C83-91E9-4C02-91D7-99ADFE569275}.Debug|x86.Build.0 = Debug|Any CPU
		{2BBE4C83-91E9-4C02-91D7-99ADFE569275}.Release|Any CPU.ActiveCfg = Release|Any CPU
		{2BBE4C83-91E9-4C02-91D7-99ADFE569275}.Release|Any CPU.Build.0 = Release|Any CPU
		{2BBE4C83-91E9-4C02-91D7-99ADFE569275}.Release|x64.ActiveCfg = Release|Any CPU
		{2BBE4C83-91E9-4C02-91D7-99ADFE569275}.Release|x64.Build.0 = Release|Any CPU
		{2BBE4C83-91E9-4C02-91D7-99ADFE569275}.Release|x86.ActiveCfg = Release|Any CPU
		{2BBE4C83-91E9-4C02-91D7-99ADFE569275}.Release|x86.Build.0 = Release|Any CPU
		{B1A31D04-3D6D-49CB-8F5E-9CFCAA61FC82}.Debug|Any CPU.ActiveCfg = Debug|Any CPU
		{B1A31D04-3D6D-49CB-8F5E-9CFCAA61FC82}.Debug|Any CPU.Build.0 = Debug|Any CPU
		{B1A31D04-3D6D-49CB-8F5E-9CFCAA61FC82}.Debug|x64.ActiveCfg = Debug|Any CPU
		{B1A31D04-3D6D-49CB-8F5E-9CFCAA61FC82}.Debug|x64.Build.0 = Debug|Any CPU
		{B1A31D04-3D6D-49CB-8F5E-9CFCAA61FC82}.Debug|x86.ActiveCfg = Debug|Any CPU
		{B1A31D04-3D6D-49CB-8F5E-9CFCAA61FC82}.Debug|x86.Build.0 = Debug|Any CPU
		{B1A31D04-3D6D-49CB-8F5E-9CFCAA61FC82}.Release|Any CPU.ActiveCfg = Release|Any CPU
		{B1A31D04-3D6D-49CB-8F5E-9CFCAA61FC82}.Release|Any CPU.Build.0 = Release|Any CPU
		{B1A31D04-3D6D-49CB-8F5E-9CFCAA61FC82}.Release|x64.ActiveCfg = Release|Any CPU
		{B1A31D04-3D6D-49CB-8F5E-9CFCAA61FC82}.Release|x64.Build.0 = Release|Any CPU
		{B1A31D04-3D6D-49CB-8F5E-9CFCAA61FC82}.Release|x86.ActiveCfg = Release|Any CPU
		{B1A31D04-3D6D-49CB-8F5E-9CFCAA61FC82}.Release|x86.Build.0 = Release|Any CPU
		{12BEA815-B626-4D14-91E9-49AABFF2165C}.Debug|Any CPU.ActiveCfg = Debug|Any CPU
		{12BEA815-B626-4D14-91E9-49AABFF2165C}.Debug|Any CPU.Build.0 = Debug|Any CPU
		{12BEA815-B626-4D14-91E9-49AABFF2165C}.Debug|x64.ActiveCfg = Debug|Any CPU
		{12BEA815-B626-4D14-91E9-49AABFF2165C}.Debug|x64.Build.0 = Debug|Any CPU
		{12BEA815-B626-4D14-91E9-49AABFF2165C}.Debug|x86.ActiveCfg = Debug|Any CPU
		{12BEA815-B626-4D14-91E9-49AABFF2165C}.Debug|x86.Build.0 = Debug|Any CPU
		{12BEA815-B626-4D14-91E9-49AABFF2165C}.Release|Any CPU.ActiveCfg = Release|Any CPU
		{12BEA815-B626-4D14-91E9-49AABFF2165C}.Release|Any CPU.Build.0 = Release|Any CPU
		{12BEA815-B626-4D14-91E9-49AABFF2165C}.Release|x64.ActiveCfg = Release|Any CPU
		{12BEA815-B626-4D14-91E9-49AABFF2165C}.Release|x64.Build.0 = Release|Any CPU
		{12BEA815-B626-4D14-91E9-49AABFF2165C}.Release|x86.ActiveCfg = Release|Any CPU
		{12BEA815-B626-4D14-91E9-49AABFF2165C}.Release|x86.Build.0 = Release|Any CPU
		{36DA175B-A801-4F67-80F2-A99A2005805A}.Debug|Any CPU.ActiveCfg = Debug|Any CPU
		{36DA175B-A801-4F67-80F2-A99A2005805A}.Debug|Any CPU.Build.0 = Debug|Any CPU
		{36DA175B-A801-4F67-80F2-A99A2005805A}.Debug|x64.ActiveCfg = Debug|Any CPU
		{36DA175B-A801-4F67-80F2-A99A2005805A}.Debug|x64.Build.0 = Debug|Any CPU
		{36DA175B-A801-4F67-80F2-A99A2005805A}.Debug|x86.ActiveCfg = Debug|Any CPU
		{36DA175B-A801-4F67-80F2-A99A2005805A}.Debug|x86.Build.0 = Debug|Any CPU
		{36DA175B-A801-4F67-80F2-A99A2005805A}.Release|Any CPU.ActiveCfg = Release|Any CPU
		{36DA175B-A801-4F67-80F2-A99A2005805A}.Release|Any CPU.Build.0 = Release|Any CPU
		{36DA175B-A801-4F67-80F2-A99A2005805A}.Release|x64.ActiveCfg = Release|Any CPU
		{36DA175B-A801-4F67-80F2-A99A2005805A}.Release|x64.Build.0 = Release|Any CPU
		{36DA175B-A801-4F67-80F2-A99A2005805A}.Release|x86.ActiveCfg = Release|Any CPU
		{36DA175B-A801-4F67-80F2-A99A2005805A}.Release|x86.Build.0 = Release|Any CPU
		{5D8D348F-915B-4166-BFE4-20D05FC882C3}.Debug|Any CPU.ActiveCfg = Debug|Any CPU
		{5D8D348F-915B-4166-BFE4-20D05FC882C3}.Debug|Any CPU.Build.0 = Debug|Any CPU
		{5D8D348F-915B-4166-BFE4-20D05FC882C3}.Debug|x64.ActiveCfg = Debug|Any CPU
		{5D8D348F-915B-4166-BFE4-20D05FC882C3}.Debug|x64.Build.0 = Debug|Any CPU
		{5D8D348F-915B-4166-BFE4-20D05FC882C3}.Debug|x86.ActiveCfg = Debug|Any CPU
		{5D8D348F-915B-4166-BFE4-20D05FC882C3}.Debug|x86.Build.0 = Debug|Any CPU
		{5D8D348F-915B-4166-BFE4-20D05FC882C3}.Release|Any CPU.ActiveCfg = Release|Any CPU
		{5D8D348F-915B-4166-BFE4-20D05FC882C3}.Release|Any CPU.Build.0 = Release|Any CPU
		{5D8D348F-915B-4166-BFE4-20D05FC882C3}.Release|x64.ActiveCfg = Release|Any CPU
		{5D8D348F-915B-4166-BFE4-20D05FC882C3}.Release|x64.Build.0 = Release|Any CPU
		{5D8D348F-915B-4166-BFE4-20D05FC882C3}.Release|x86.ActiveCfg = Release|Any CPU
		{5D8D348F-915B-4166-BFE4-20D05FC882C3}.Release|x86.Build.0 = Release|Any CPU
		{7971BF85-3DD7-4502-878C-84002401C021}.Debug|Any CPU.ActiveCfg = Debug|Any CPU
		{7971BF85-3DD7-4502-878C-84002401C021}.Debug|Any CPU.Build.0 = Debug|Any CPU
		{7971BF85-3DD7-4502-878C-84002401C021}.Debug|x64.ActiveCfg = Debug|Any CPU
		{7971BF85-3DD7-4502-878C-84002401C021}.Debug|x64.Build.0 = Debug|Any CPU
		{7971BF85-3DD7-4502-878C-84002401C021}.Debug|x86.ActiveCfg = Debug|Any CPU
		{7971BF85-3DD7-4502-878C-84002401C021}.Debug|x86.Build.0 = Debug|Any CPU
		{7971BF85-3DD7-4502-878C-84002401C021}.Release|Any CPU.ActiveCfg = Release|Any CPU
		{7971BF85-3DD7-4502-878C-84002401C021}.Release|Any CPU.Build.0 = Release|Any CPU
		{7971BF85-3DD7-4502-878C-84002401C021}.Release|x64.ActiveCfg = Release|Any CPU
		{7971BF85-3DD7-4502-878C-84002401C021}.Release|x64.Build.0 = Release|Any CPU
		{7971BF85-3DD7-4502-878C-84002401C021}.Release|x86.ActiveCfg = Release|Any CPU
		{7971BF85-3DD7-4502-878C-84002401C021}.Release|x86.Build.0 = Release|Any CPU
		{E1D622E3-F35D-4C16-81D3-1B53DCC7B340}.Debug|Any CPU.ActiveCfg = Debug|Any CPU
		{E1D622E3-F35D-4C16-81D3-1B53DCC7B340}.Debug|Any CPU.Build.0 = Debug|Any CPU
		{E1D622E3-F35D-4C16-81D3-1B53DCC7B340}.Debug|x64.ActiveCfg = Debug|Any CPU
		{E1D622E3-F35D-4C16-81D3-1B53DCC7B340}.Debug|x64.Build.0 = Debug|Any CPU
		{E1D622E3-F35D-4C16-81D3-1B53DCC7B340}.Debug|x86.ActiveCfg = Debug|Any CPU
		{E1D622E3-F35D-4C16-81D3-1B53DCC7B340}.Debug|x86.Build.0 = Debug|Any CPU
		{E1D622E3-F35D-4C16-81D3-1B53DCC7B340}.Release|Any CPU.ActiveCfg = Release|Any CPU
		{E1D622E3-F35D-4C16-81D3-1B53DCC7B340}.Release|Any CPU.Build.0 = Release|Any CPU
		{E1D622E3-F35D-4C16-81D3-1B53DCC7B340}.Release|x64.ActiveCfg = Release|Any CPU
		{E1D622E3-F35D-4C16-81D3-1B53DCC7B340}.Release|x64.Build.0 = Release|Any CPU
		{E1D622E3-F35D-4C16-81D3-1B53DCC7B340}.Release|x86.ActiveCfg = Release|Any CPU
		{E1D622E3-F35D-4C16-81D3-1B53DCC7B340}.Release|x86.Build.0 = Release|Any CPU
		{9036D1C4-06B6-4A25-A6C1-924CA1245E7F}.Debug|Any CPU.ActiveCfg = Debug|Any CPU
		{9036D1C4-06B6-4A25-A6C1-924CA1245E7F}.Debug|Any CPU.Build.0 = Debug|Any CPU
		{9036D1C4-06B6-4A25-A6C1-924CA1245E7F}.Debug|x64.ActiveCfg = Debug|Any CPU
		{9036D1C4-06B6-4A25-A6C1-924CA1245E7F}.Debug|x64.Build.0 = Debug|Any CPU
		{9036D1C4-06B6-4A25-A6C1-924CA1245E7F}.Debug|x86.ActiveCfg = Debug|Any CPU
		{9036D1C4-06B6-4A25-A6C1-924CA1245E7F}.Debug|x86.Build.0 = Debug|Any CPU
		{9036D1C4-06B6-4A25-A6C1-924CA1245E7F}.Release|Any CPU.ActiveCfg = Release|Any CPU
		{9036D1C4-06B6-4A25-A6C1-924CA1245E7F}.Release|Any CPU.Build.0 = Release|Any CPU
		{9036D1C4-06B6-4A25-A6C1-924CA1245E7F}.Release|x64.ActiveCfg = Release|Any CPU
		{9036D1C4-06B6-4A25-A6C1-924CA1245E7F}.Release|x64.Build.0 = Release|Any CPU
		{9036D1C4-06B6-4A25-A6C1-924CA1245E7F}.Release|x86.ActiveCfg = Release|Any CPU
		{9036D1C4-06B6-4A25-A6C1-924CA1245E7F}.Release|x86.Build.0 = Release|Any CPU
		{0E4A13CB-3E66-4B35-B9FE-F5B10B97D024}.Debug|Any CPU.ActiveCfg = Debug|Any CPU
		{0E4A13CB-3E66-4B35-B9FE-F5B10B97D024}.Debug|Any CPU.Build.0 = Debug|Any CPU
		{0E4A13CB-3E66-4B35-B9FE-F5B10B97D024}.Debug|x64.ActiveCfg = Debug|Any CPU
		{0E4A13CB-3E66-4B35-B9FE-F5B10B97D024}.Debug|x64.Build.0 = Debug|Any CPU
		{0E4A13CB-3E66-4B35-B9FE-F5B10B97D024}.Debug|x86.ActiveCfg = Debug|Any CPU
		{0E4A13CB-3E66-4B35-B9FE-F5B10B97D024}.Debug|x86.Build.0 = Debug|Any CPU
		{0E4A13CB-3E66-4B35-B9FE-F5B10B97D024}.Release|Any CPU.ActiveCfg = Release|Any CPU
		{0E4A13CB-3E66-4B35-B9FE-F5B10B97D024}.Release|Any CPU.Build.0 = Release|Any CPU
		{0E4A13CB-3E66-4B35-B9FE-F5B10B97D024}.Release|x64.ActiveCfg = Release|Any CPU
		{0E4A13CB-3E66-4B35-B9FE-F5B10B97D024}.Release|x64.Build.0 = Release|Any CPU
		{0E4A13CB-3E66-4B35-B9FE-F5B10B97D024}.Release|x86.ActiveCfg = Release|Any CPU
		{0E4A13CB-3E66-4B35-B9FE-F5B10B97D024}.Release|x86.Build.0 = Release|Any CPU
		{7263FC53-2A2E-4B04-A6BB-89BB70A0B816}.Debug|Any CPU.ActiveCfg = Debug|Any CPU
		{7263FC53-2A2E-4B04-A6BB-89BB70A0B816}.Debug|Any CPU.Build.0 = Debug|Any CPU
		{7263FC53-2A2E-4B04-A6BB-89BB70A0B816}.Debug|x64.ActiveCfg = Debug|Any CPU
		{7263FC53-2A2E-4B04-A6BB-89BB70A0B816}.Debug|x64.Build.0 = Debug|Any CPU
		{7263FC53-2A2E-4B04-A6BB-89BB70A0B816}.Debug|x86.ActiveCfg = Debug|Any CPU
		{7263FC53-2A2E-4B04-A6BB-89BB70A0B816}.Debug|x86.Build.0 = Debug|Any CPU
		{7263FC53-2A2E-4B04-A6BB-89BB70A0B816}.Release|Any CPU.ActiveCfg = Release|Any CPU
		{7263FC53-2A2E-4B04-A6BB-89BB70A0B816}.Release|Any CPU.Build.0 = Release|Any CPU
		{7263FC53-2A2E-4B04-A6BB-89BB70A0B816}.Release|x64.ActiveCfg = Release|Any CPU
		{7263FC53-2A2E-4B04-A6BB-89BB70A0B816}.Release|x64.Build.0 = Release|Any CPU
		{7263FC53-2A2E-4B04-A6BB-89BB70A0B816}.Release|x86.ActiveCfg = Release|Any CPU
		{7263FC53-2A2E-4B04-A6BB-89BB70A0B816}.Release|x86.Build.0 = Release|Any CPU
		{C54FDBFC-4C61-4755-AF0F-14B4E1F2252D}.Debug|Any CPU.ActiveCfg = Debug|Any CPU
		{C54FDBFC-4C61-4755-AF0F-14B4E1F2252D}.Debug|Any CPU.Build.0 = Debug|Any CPU
		{C54FDBFC-4C61-4755-AF0F-14B4E1F2252D}.Debug|x64.ActiveCfg = Debug|Any CPU
		{C54FDBFC-4C61-4755-AF0F-14B4E1F2252D}.Debug|x64.Build.0 = Debug|Any CPU
		{C54FDBFC-4C61-4755-AF0F-14B4E1F2252D}.Debug|x86.ActiveCfg = Debug|Any CPU
		{C54FDBFC-4C61-4755-AF0F-14B4E1F2252D}.Debug|x86.Build.0 = Debug|Any CPU
		{C54FDBFC-4C61-4755-AF0F-14B4E1F2252D}.Release|Any CPU.ActiveCfg = Release|Any CPU
		{C54FDBFC-4C61-4755-AF0F-14B4E1F2252D}.Release|Any CPU.Build.0 = Release|Any CPU
		{C54FDBFC-4C61-4755-AF0F-14B4E1F2252D}.Release|x64.ActiveCfg = Release|Any CPU
		{C54FDBFC-4C61-4755-AF0F-14B4E1F2252D}.Release|x64.Build.0 = Release|Any CPU
		{C54FDBFC-4C61-4755-AF0F-14B4E1F2252D}.Release|x86.ActiveCfg = Release|Any CPU
		{C54FDBFC-4C61-4755-AF0F-14B4E1F2252D}.Release|x86.Build.0 = Release|Any CPU
	EndGlobalSection
	GlobalSection(SolutionProperties) = preSolution
		HideSolutionNode = FALSE
	EndGlobalSection
	GlobalSection(NestedProjects) = preSolution
		{974A23E1-364F-4DE7-958C-B428B9A3F6E2} = {827E0CD3-B72D-47B6-A68D-7590B98EB39B}
		{392EAB44-AC52-4B87-85B2-DB171B4A24FB} = {827E0CD3-B72D-47B6-A68D-7590B98EB39B}
		{3FCC1FB9-888C-45A1-8934-A5DB42BC3AF8} = {827E0CD3-B72D-47B6-A68D-7590B98EB39B}
		{742B933A-27E3-4C2F-9338-CBCD2380D7FA} = {827E0CD3-B72D-47B6-A68D-7590B98EB39B}
		{6C278A73-7840-4AE9-B28D-82EDAF2E2AA9} = {827E0CD3-B72D-47B6-A68D-7590B98EB39B}
		{9B73D2DE-BFF1-49CC-A08D-9F907CD6F6AF} = {827E0CD3-B72D-47B6-A68D-7590B98EB39B}
		{B8B1A535-8D2F-42B8-979E-0AF1A3968640} = {827E0CD3-B72D-47B6-A68D-7590B98EB39B}
		{9E4DC9EF-B46D-47DA-B903-6AA0EFB1F08F} = {827E0CD3-B72D-47B6-A68D-7590B98EB39B}
		{0E4A13CB-3E66-4B35-B9FE-F5B10B97D024} = {827E0CD3-B72D-47B6-A68D-7590B98EB39B}
		{33D8D52E-0C77-45E9-B4B4-4A0943126BA6} = {827E0CD3-B72D-47B6-A68D-7590B98EB39B}
		{2BBE4C83-91E9-4C02-91D7-99ADFE569275} = {0AB3BF05-4346-4AA6-1389-037BE0695223}
		{B1A31D04-3D6D-49CB-8F5E-9CFCAA61FC82} = {0AB3BF05-4346-4AA6-1389-037BE0695223}
		{12BEA815-B626-4D14-91E9-49AABFF2165C} = {0AB3BF05-4346-4AA6-1389-037BE0695223}
		{36DA175B-A801-4F67-80F2-A99A2005805A} = {0AB3BF05-4346-4AA6-1389-037BE0695223}
		{5D8D348F-915B-4166-BFE4-20D05FC882C3} = {0AB3BF05-4346-4AA6-1389-037BE0695223}
		{7971BF85-3DD7-4502-878C-84002401C021} = {0AB3BF05-4346-4AA6-1389-037BE0695223}
		{E1D622E3-F35D-4C16-81D3-1B53DCC7B340} = {0AB3BF05-4346-4AA6-1389-037BE0695223}
		{9036D1C4-06B6-4A25-A6C1-924CA1245E7F} = {0AB3BF05-4346-4AA6-1389-037BE0695223}
		{7263FC53-2A2E-4B04-A6BB-89BB70A0B816} = {827E0CD3-B72D-47B6-A68D-7590B98EB39B}
		{C54FDBFC-4C61-4755-AF0F-14B4E1F2252D} = {0AB3BF05-4346-4AA6-1389-037BE0695223}
	EndGlobalSection
EndGlobal
